
Microsoft Visual Studio Solution File, Format Version 12.00
# Visual Studio Version 17
VisualStudioVersion = 17.4.33213.308
MinimumVisualStudioVersion = 10.0.40219.1
Project("{FAE04EC0-301F-11D3-BF4B-00C04F79EFBC}") = "excercise3lab7", "excercise3lab7\excercise3lab7.csproj", "{D1E16B8A-4CEF-4B08-BA6A-148800682954}"
EndProject
Global
	GlobalSection(SolutionConfigurationPlatforms) = preSolution
		Debug|Any CPU = Debug|Any CPU
		Release|Any CPU = Release|Any CPU
	EndGlobalSection
	GlobalSection(ProjectConfigurationPlatforms) = postSolution
		{D1E16B8A-4CEF-4B08-BA6A-148800682954}.Debug|Any CPU.ActiveCfg = Debug|Any CPU
		{D1E16B8A-4CEF-4B08-BA6A-148800682954}.Debug|Any CPU.Build.0 = Debug|Any CPU
		{D1E16B8A-4CEF-4B08-BA6A-148800682954}.Release|Any CPU.ActiveCfg = Release|Any CPU
		{D1E16B8A-4CEF-4B08-BA6A-148800682954}.Release|Any CPU.Build.0 = Release|Any CPU
	EndGlobalSection
	GlobalSection(SolutionProperties) = preSolution
		HideSolutionNode = FALSE
	EndGlobalSection
	GlobalSection(ExtensibilityGlobals) = postSolution
		SolutionGuid = {00BA7CE9-8B83-4CE6-A136-0E618DA1107A}
	EndGlobalSection
EndGlobal
